// !$*UTF8*$!
{
	archiveVersion = 1;
	classes = {
	};
	objectVersion = 56;
	objects = {

/* Begin PBXBuildFile section */
		657A43362A4EB3E200E6E29F /* AppDelegate.swift in Sources */ = {isa = PBXBuildFile; fileRef = 657A43352A4EB3E200E6E29F /* AppDelegate.swift */; };
		657A43382A4EB3E200E6E29F /* SceneDelegate.swift in Sources */ = {isa = PBXBuildFile; fileRef = 657A43372A4EB3E200E6E29F /* SceneDelegate.swift */; };
		657A433A2A4EB3E200E6E29F /* ViewController.swift in Sources */ = {isa = PBXBuildFile; fileRef = 657A43392A4EB3E200E6E29F /* ViewController.swift */; };
		657A433D2A4EB3E200E6E29F /* Main.storyboard in Resources */ = {isa = PBXBuildFile; fileRef = 657A433B2A4EB3E200E6E29F /* Main.storyboard */; };
		657A433F2A4EB3E300E6E29F /* Assets.xcassets in Resources */ = {isa = PBXBuildFile; fileRef = 657A433E2A4EB3E300E6E29F /* Assets.xcassets */; };
		657A43422A4EB3E300E6E29F /* LaunchScreen.storyboard in Resources */ = {isa = PBXBuildFile; fileRef = 657A43402A4EB3E300E6E29F /* LaunchScreen.storyboard */; };
		657A434D2A4EB3E300E6E29F /* EVios1Tests.swift in Sources */ = {isa = PBXBuildFile; fileRef = 657A434C2A4EB3E300E6E29F /* EVios1Tests.swift */; };
		657A43572A4EB3E300E6E29F /* EVios1UITests.swift in Sources */ = {isa = PBXBuildFile; fileRef = 657A43562A4EB3E300E6E29F /* EVios1UITests.swift */; };
		657A43592A4EB3E300E6E29F /* EVios1UITestsLaunchTests.swift in Sources */ = {isa = PBXBuildFile; fileRef = 657A43582A4EB3E300E6E29F /* EVios1UITestsLaunchTests.swift */; };
/* End PBXBuildFile section */

/* Begin PBXContainerItemProxy section */
		657A43492A4EB3E300E6E29F /* PBXContainerItemProxy */ = {
			isa = PBXContainerItemProxy;
			containerPortal = 657A432A2A4EB3E200E6E29F /* Project object */;
			proxyType = 1;
			remoteGlobalIDString = 657A43312A4EB3E200E6E29F;
			remoteInfo = EVios1;
		};
		657A43532A4EB3E300E6E29F /* PBXContainerItemProxy */ = {
			isa = PBXContainerItemProxy;
			containerPortal = 657A432A2A4EB3E200E6E29F /* Project object */;
			proxyType = 1;
			remoteGlobalIDString = 657A43312A4EB3E200E6E29F;
			remoteInfo = EVios1;
		};
/* End PBXContainerItemProxy section */

/* Begin PBXFileReference section */
		657A43322A4EB3E200E6E29F /* EVios1.app */ = {isa = PBXFileReference; explicitFileType = wrapper.application; includeInIndex = 0; path = EVios1.app; sourceTree = BUILT_PRODUCTS_DIR; };
		657A43352A4EB3E200E6E29F /* AppDelegate.swift */ = {isa = PBXFileReference; lastKnownFileType = sourcecode.swift; path = AppDelegate.swift; sourceTree = "<group>"; };
		657A43372A4EB3E200E6E29F /* SceneDelegate.swift */ = {isa = PBXFileReference; lastKnownFileType = sourcecode.swift; path = SceneDelegate.swift; sourceTree = "<group>"; };
		657A43392A4EB3E200E6E29F /* ViewController.swift */ = {isa = PBXFileReference; lastKnownFileType = sourcecode.swift; path = ViewController.swift; sourceTree = "<group>"; };
		657A433C2A4EB3E200E6E29F /* Base */ = {isa = PBXFileReference; lastKnownFileType = file.storyboard; name = Base; path = Base.lproj/Main.storyboard; sourceTree = "<group>"; };
		657A433E2A4EB3E300E6E29F /* Assets.xcassets */ = {isa = PBXFileReference; lastKnownFileType = folder.assetcatalog; path = Assets.xcassets; sourceTree = "<group>"; };
		657A43412A4EB3E300E6E29F /* Base */ = {isa = PBXFileReference; lastKnownFileType = file.storyboard; name = Base; path = Base.lproj/LaunchScreen.storyboard; sourceTree = "<group>"; };
		657A43432A4EB3E300E6E29F /* Info.plist */ = {isa = PBXFileReference; lastKnownFileType = text.plist.xml; path = Info.plist; sourceTree = "<group>"; };
		657A43482A4EB3E300E6E29F /* EVios1Tests.xctest */ = {isa = PBXFileReference; explicitFileType = wrapper.cfbundle; includeInIndex = 0; path = EVios1Tests.xctest; sourceTree = BUILT_PRODUCTS_DIR; };
		657A434C2A4EB3E300E6E29F /* EVios1Tests.swift */ = {isa = PBXFileReference; lastKnownFileType = sourcecode.swift; path = EVios1Tests.swift; sourceTree = "<group>"; };
		657A43522A4EB3E300E6E29F /* EVios1UITests.xctest */ = {isa = PBXFileReference; explicitFileType = wrapper.cfbundle; includeInIndex = 0; path = EVios1UITests.xctest; sourceTree = BUILT_PRODUCTS_DIR; };
		657A43562A4EB3E300E6E29F /* EVios1UITests.swift */ = {isa = PBXFileReference; lastKnownFileType = sourcecode.swift; path = EVios1UITests.swift; sourceTree = "<group>"; };
		657A43582A4EB3E300E6E29F /* EVios1UITestsLaunchTests.swift */ = {isa = PBXFileReference; lastKnownFileType = sourcecode.swift; path = EVios1UITestsLaunchTests.swift; sourceTree = "<group>"; };
/* End PBXFileReference section */

/* Begin PBXFrameworksBuildPhase section */
		657A432F2A4EB3E200E6E29F /* Frameworks */ = {
			isa = PBXFrameworksBuildPhase;
			buildActionMask = 2147483647;
			files = (
			);
			runOnlyForDeploymentPostprocessing = 0;
		};
		657A43452A4EB3E300E6E29F /* Frameworks */ = {
			isa = PBXFrameworksBuildPhase;
			buildActionMask = 2147483647;
			files = (
			);
			runOnlyForDeploymentPostprocessing = 0;
		};
		657A434F2A4EB3E300E6E29F /* Frameworks */ = {
			isa = PBXFrameworksBuildPhase;
			buildActionMask = 2147483647;
			files = (
			);
			runOnlyForDeploymentPostprocessing = 0;
		};
/* End PBXFrameworksBuildPhase section */

/* Begin PBXGroup section */
		657A43292A4EB3E200E6E29F = {
			isa = PBXGroup;
			children = (
				657A43342A4EB3E200E6E29F /* EVios1 */,
				657A434B2A4EB3E300E6E29F /* EVios1Tests */,
				657A43552A4EB3E300E6E29F /* EVios1UITests */,
				657A43332A4EB3E200E6E29F /* Products */,
			);
			sourceTree = "<group>";
		};
		657A43332A4EB3E200E6E29F /* Products */ = {
			isa = PBXGroup;
			children = (
				657A43322A4EB3E200E6E29F /* EVios1.app */,
				657A43482A4EB3E300E6E29F /* EVios1Tests.xctest */,
				657A43522A4EB3E300E6E29F /* EVios1UITests.xctest */,
			);
			name = Products;
			sourceTree = "<group>";
		};
		657A43342A4EB3E200E6E29F /* EVios1 */ = {
			isa = PBXGroup;
			children = (
				657A43352A4EB3E200E6E29F /* AppDelegate.swift */,
				657A43372A4EB3E200E6E29F /* SceneDelegate.swift */,
				657A43392A4EB3E200E6E29F /* ViewController.swift */,
				657A433B2A4EB3E200E6E29F /* Main.storyboard */,
				657A433E2A4EB3E300E6E29F /* Assets.xcassets */,
				657A43402A4EB3E300E6E29F /* LaunchScreen.storyboard */,
				657A43432A4EB3E300E6E29F /* Info.plist */,
			);
			path = EVios1;
			sourceTree = "<group>";
		};
		657A434B2A4EB3E300E6E29F /* EVios1Tests */ = {
			isa = PBXGroup;
			children = (
				657A434C2A4EB3E300E6E29F /* EVios1Tests.swift */,
			);
			path = EVios1Tests;
			sourceTree = "<group>";
		};
		657A43552A4EB3E300E6E29F /* EVios1UITests */ = {
			isa = PBXGroup;
			children = (
				657A43562A4EB3E300E6E29F /* EVios1UITests.swift */,
				657A43582A4EB3E300E6E29F /* EVios1UITestsLaunchTests.swift */,
			);
			path = EVios1UITests;
			sourceTree = "<group>";
		};
/* End PBXGroup section */

/* Begin PBXNativeTarget section */
		657A43312A4EB3E200E6E29F /* EVios1 */ = {
			isa = PBXNativeTarget;
			buildConfigurationList = 657A435C2A4EB3E300E6E29F /* Build configuration list for PBXNativeTarget "EVios1" */;
			buildPhases = (
				657A432E2A4EB3E200E6E29F /* Sources */,
				657A432F2A4EB3E200E6E29F /* Frameworks */,
				657A43302A4EB3E200E6E29F /* Resources */,
			);
			buildRules = (
			);
			dependencies = (
			);
			name = EVios1;
			productName = EVios1;
			productReference = 657A43322A4EB3E200E6E29F /* EVios1.app */;
			productType = "com.apple.product-type.application";
		};
		657A43472A4EB3E300E6E29F /* EVios1Tests */ = {
			isa = PBXNativeTarget;
			buildConfigurationList = 657A435F2A4EB3E300E6E29F /* Build configuration list for PBXNativeTarget "EVios1Tests" */;
			buildPhases = (
				657A43442A4EB3E300E6E29F /* Sources */,
				657A43452A4EB3E300E6E29F /* Frameworks */,
				657A43462A4EB3E300E6E29F /* Resources */,
			);
			buildRules = (
			);
			dependencies = (
				657A434A2A4EB3E300E6E29F /* PBXTargetDependency */,
			);
			name = EVios1Tests;
			productName = EVios1Tests;
			productReference = 657A43482A4EB3E300E6E29F /* EVios1Tests.xctest */;
			productType = "com.apple.product-type.bundle.unit-test";
		};
		657A43512A4EB3E300E6E29F /* EVios1UITests */ = {
			isa = PBXNativeTarget;
			buildConfigurationList = 657A43622A4EB3E300E6E29F /* Build configuration list for PBXNativeTarget "EVios1UITests" */;
			buildPhases = (
				657A434E2A4EB3E300E6E29F /* Sources */,
				657A434F2A4EB3E300E6E29F /* Frameworks */,
				657A43502A4EB3E300E6E29F /* Resources */,
			);
			buildRules = (
			);
			dependencies = (
				657A43542A4EB3E300E6E29F /* PBXTargetDependency */,
			);
			name = EVios1UITests;
			productName = EVios1UITests;
			productReference = 657A43522A4EB3E300E6E29F /* EVios1UITests.xctest */;
			productType = "com.apple.product-type.bundle.ui-testing";
		};
/* End PBXNativeTarget section */

/* Begin PBXProject section */
		657A432A2A4EB3E200E6E29F /* Project object */ = {
			isa = PBXProject;
			attributes = {
				BuildIndependentTargetsInParallel = 1;
				LastSwiftUpdateCheck = 1430;
				LastUpgradeCheck = 1430;
				TargetAttributes = {
					657A43312A4EB3E200E6E29F = {
						CreatedOnToolsVersion = 14.3.1;
					};
					657A43472A4EB3E300E6E29F = {
						CreatedOnToolsVersion = 14.3.1;
						TestTargetID = 657A43312A4EB3E200E6E29F;
					};
					657A43512A4EB3E300E6E29F = {
						CreatedOnToolsVersion = 14.3.1;
						TestTargetID = 657A43312A4EB3E200E6E29F;
					};
				};
			};
			buildConfigurationList = 657A432D2A4EB3E200E6E29F /* Build configuration list for PBXProject "EVios1" */;
			compatibilityVersion = "Xcode 14.0";
			developmentRegion = en;
			hasScannedForEncodings = 0;
			knownRegions = (
				en,
				Base,
			);
			mainGroup = 657A43292A4EB3E200E6E29F;
			productRefGroup = 657A43332A4EB3E200E6E29F /* Products */;
			projectDirPath = "";
			projectRoot = "";
			targets = (
				657A43312A4EB3E200E6E29F /* EVios1 */,
				657A43472A4EB3E300E6E29F /* EVios1Tests */,
				657A43512A4EB3E300E6E29F /* EVios1UITests */,
			);
		};
/* End PBXProject section */

/* Begin PBXResourcesBuildPhase section */
		657A43302A4EB3E200E6E29F /* Resources */ = {
			isa = PBXResourcesBuildPhase;
			buildActionMask = 2147483647;
			files = (
				657A43422A4EB3E300E6E29F /* LaunchScreen.storyboard in Resources */,
				657A433F2A4EB3E300E6E29F /* Assets.xcassets in Resources */,
				657A433D2A4EB3E200E6E29F /* Main.storyboard in Resources */,
			);
			runOnlyForDeploymentPostprocessing = 0;
		};
		657A43462A4EB3E300E6E29F /* Resources */ = {
			isa = PBXResourcesBuildPhase;
			buildActionMask = 2147483647;
			files = (
			);
			runOnlyForDeploymentPostprocessing = 0;
		};
		657A43502A4EB3E300E6E29F /* Resources */ = {
			isa = PBXResourcesBuildPhase;
			buildActionMask = 2147483647;
			files = (
			);
			runOnlyForDeploymentPostprocessing = 0;
		};
/* End PBXResourcesBuildPhase section */

/* Begin PBXSourcesBuildPhase section */
		657A432E2A4EB3E200E6E29F /* Sources */ = {
			isa = PBXSourcesBuildPhase;
			buildActionMask = 2147483647;
			files = (
				657A433A2A4EB3E200E6E29F /* ViewController.swift in Sources */,
				657A43362A4EB3E200E6E29F /* AppDelegate.swift in Sources */,
				657A43382A4EB3E200E6E29F /* SceneDelegate.swift in Sources */,
			);
			runOnlyForDeploymentPostprocessing = 0;
		};
		657A43442A4EB3E300E6E29F /* Sources */ = {
			isa = PBXSourcesBuildPhase;
			buildActionMask = 2147483647;
			files = (
				657A434D2A4EB3E300E6E29F /* EVios1Tests.swift in Sources */,
			);
			runOnlyForDeploymentPostprocessing = 0;
		};
		657A434E2A4EB3E300E6E29F /* Sources */ = {
			isa = PBXSourcesBuildPhase;
			buildActionMask = 2147483647;
			files = (
				657A43572A4EB3E300E6E29F /* EVios1UITests.swift in Sources */,
				657A43592A4EB3E300E6E29F /* EVios1UITestsLaunchTests.swift in Sources */,
			);
			runOnlyForDeploymentPostprocessing = 0;
		};
/* End PBXSourcesBuildPhase section */

/* Begin PBXTargetDependency section */
		657A434A2A4EB3E300E6E29F /* PBXTargetDependency */ = {
			isa = PBXTargetDependency;
			target = 657A43312A4EB3E200E6E29F /* EVios1 */;
			targetProxy = 657A43492A4EB3E300E6E29F /* PBXContainerItemProxy */;
		};
		657A43542A4EB3E300E6E29F /* PBXTargetDependency */ = {
			isa = PBXTargetDependency;
			target = 657A43312A4EB3E200E6E29F /* EVios1 */;
			targetProxy = 657A43532A4EB3E300E6E29F /* PBXContainerItemProxy */;
		};
/* End PBXTargetDependency section */

/* Begin PBXVariantGroup section */
		657A433B2A4EB3E200E6E29F /* Main.storyboard */ = {
			isa = PBXVariantGroup;
			children = (
				657A433C2A4EB3E200E6E29F /* Base */,
			);
			name = Main.storyboard;
			sourceTree = "<group>";
		};
		657A43402A4EB3E300E6E29F /* LaunchScreen.storyboard */ = {
			isa = PBXVariantGroup;
			children = (
				657A43412A4EB3E300E6E29F /* Base */,
			);
			name = LaunchScreen.storyboard;
			sourceTree = "<group>";
		};
/* End PBXVariantGroup section */

/* Begin XCBuildConfiguration section */
		657A435A2A4EB3E300E6E29F /* Debug */ = {
			isa = XCBuildConfiguration;
			buildSettings = {
				ALWAYS_SEARCH_USER_PATHS = NO;
				CLANG_ANALYZER_NONNULL = YES;
				CLANG_ANALYZER_NUMBER_OBJECT_CONVERSION = YES_AGGRESSIVE;
				CLANG_CXX_LANGUAGE_STANDARD = "gnu++20";
				CLANG_ENABLE_MODULES = YES;
				CLANG_ENABLE_OBJC_ARC = YES;
				CLANG_ENABLE_OBJC_WEAK = YES;
				CLANG_WARN_BLOCK_CAPTURE_AUTORELEASING = YES;
				CLANG_WARN_BOOL_CONVERSION = YES;
				CLANG_WARN_COMMA = YES;
				CLANG_WARN_CONSTANT_CONVERSION = YES;
				CLANG_WARN_DEPRECATED_OBJC_IMPLEMENTATIONS = YES;
				CLANG_WARN_DIRECT_OBJC_ISA_USAGE = YES_ERROR;
				CLANG_WARN_DOCUMENTATION_COMMENTS = YES;
				CLANG_WARN_EMPTY_BODY = YES;
				CLANG_WARN_ENUM_CONVERSION = YES;
				CLANG_WARN_INFINITE_RECURSION = YES;
				CLANG_WARN_INT_CONVERSION = YES;
				CLANG_WARN_NON_LITERAL_NULL_CONVERSION = YES;
				CLANG_WARN_OBJC_IMPLICIT_RETAIN_SELF = YES;
				CLANG_WARN_OBJC_LITERAL_CONVERSION = YES;
				CLANG_WARN_OBJC_ROOT_CLASS = YES_ERROR;
				CLANG_WARN_QUOTED_INCLUDE_IN_FRAMEWORK_HEADER = YES;
				CLANG_WARN_RANGE_LOOP_ANALYSIS = YES;
				CLANG_WARN_STRICT_PROTOTYPES = YES;
				CLANG_WARN_SUSPICIOUS_MOVE = YES;
				CLANG_WARN_UNGUARDED_AVAILABILITY = YES_AGGRESSIVE;
				CLANG_WARN_UNREACHABLE_CODE = YES;
				CLANG_WARN__DUPLICATE_METHOD_MATCH = YES;
				COPY_PHASE_STRIP = NO;
				DEBUG_INFORMATION_FORMAT = dwarf;
				ENABLE_STRICT_OBJC_MSGSEND = YES;
				ENABLE_TESTABILITY = YES;
				GCC_C_LANGUAGE_STANDARD = gnu11;
				GCC_DYNAMIC_NO_PIC = NO;
				GCC_NO_COMMON_BLOCKS = YES;
				GCC_OPTIMIZATION_LEVEL = 0;
				GCC_PREPROCESSOR_DEFINITIONS = (
					"DEBUG=1",
					"$(inherited)",
				);
				GCC_WARN_64_TO_32_BIT_CONVERSION = YES;
				GCC_WARN_ABOUT_RETURN_TYPE = YES_ERROR;
				GCC_WARN_UNDECLARED_SELECTOR = YES;
				GCC_WARN_UNINITIALIZED_AUTOS = YES_AGGRESSIVE;
				GCC_WARN_UNUSED_FUNCTION = YES;
				GCC_WARN_UNUSED_VARIABLE = YES;
				IPHONEOS_DEPLOYMENT_TARGET = 16.4;
				MTL_ENABLE_DEBUG_INFO = INCLUDE_SOURCE;
				MTL_FAST_MATH = YES;
				ONLY_ACTIVE_ARCH = YES;
				SDKROOT = iphoneos;
				SWIFT_ACTIVE_COMPILATION_CONDITIONS = DEBUG;
				SWIFT_OPTIMIZATION_LEVEL = "-Onone";
			};
			name = Debug;
		};
		657A435B2A4EB3E300E6E29F /* Release */ = {
			isa = XCBuildConfiguration;
			buildSettings = {
				ALWAYS_SEARCH_USER_PATHS = NO;
				CLANG_ANALYZER_NONNULL = YES;
				CLANG_ANALYZER_NUMBER_OBJECT_CONVERSION = YES_AGGRESSIVE;
				CLANG_CXX_LANGUAGE_STANDARD = "gnu++20";
				CLANG_ENABLE_MODULES = YES;
				CLANG_ENABLE_OBJC_ARC = YES;
				CLANG_ENABLE_OBJC_WEAK = YES;
				CLANG_WARN_BLOCK_CAPTURE_AUTORELEASING = YES;
				CLANG_WARN_BOOL_CONVERSION = YES;
				CLANG_WARN_COMMA = YES;
				CLANG_WARN_CONSTANT_CONVERSION = YES;
				CLANG_WARN_DEPRECATED_OBJC_IMPLEMENTATIONS = YES;
				CLANG_WARN_DIRECT_OBJC_ISA_USAGE = YES_ERROR;
				CLANG_WARN_DOCUMENTATION_COMMENTS = YES;
				CLANG_WARN_EMPTY_BODY = YES;
				CLANG_WARN_ENUM_CONVERSION = YES;
				CLANG_WARN_INFINITE_RECURSION = YES;
				CLANG_WARN_INT_CONVERSION = YES;
				CLANG_WARN_NON_LITERAL_NULL_CONVERSION = YES;
				CLANG_WARN_OBJC_IMPLICIT_RETAIN_SELF = YES;
				CLANG_WARN_OBJC_LITERAL_CONVERSION = YES;
				CLANG_WARN_OBJC_ROOT_CLASS = YES_ERROR;
				CLANG_WARN_QUOTED_INCLUDE_IN_FRAMEWORK_HEADER = YES;
				CLANG_WARN_RANGE_LOOP_ANALYSIS = YES;
				CLANG_WARN_STRICT_PROTOTYPES = YES;
				CLANG_WARN_SUSPICIOUS_MOVE = YES;
				CLANG_WARN_UNGUARDED_AVAILABILITY = YES_AGGRESSIVE;
				CLANG_WARN_UNREACHABLE_CODE = YES;
				CLANG_WARN__DUPLICATE_METHOD_MATCH = YES;
				COPY_PHASE_STRIP = NO;
				DEBUG_INFORMATION_FORMAT = "dwarf-with-dsym";
				ENABLE_NS_ASSERTIONS = NO;
				ENABLE_STRICT_OBJC_MSGSEND = YES;
				GCC_C_LANGUAGE_STANDARD = gnu11;
				GCC_NO_COMMON_BLOCKS = YES;
				GCC_WARN_64_TO_32_BIT_CONVERSION = YES;
				GCC_WARN_ABOUT_RETURN_TYPE = YES_ERROR;
				GCC_WARN_UNDECLARED_SELECTOR = YES;
				GCC_WARN_UNINITIALIZED_AUTOS = YES_AGGRESSIVE;
				GCC_WARN_UNUSED_FUNCTION = YES;
				GCC_WARN_UNUSED_VARIABLE = YES;
				IPHONEOS_DEPLOYMENT_TARGET = 16.4;
				MTL_ENABLE_DEBUG_INFO = NO;
				MTL_FAST_MATH = YES;
				SDKROOT = iphoneos;
				SWIFT_COMPILATION_MODE = wholemodule;
				SWIFT_OPTIMIZATION_LEVEL = "-O";
				VALIDATE_PRODUCT = YES;
			};
			name = Release;
		};
		657A435D2A4EB3E300E6E29F /* Debug */ = {
			isa = XCBuildConfiguration;
			buildSettings = {
				ASSETCATALOG_COMPILER_APPICON_NAME = AppIcon;
				ASSETCATALOG_COMPILER_GLOBAL_ACCENT_COLOR_NAME = AccentColor;
				CODE_SIGN_STYLE = Automatic;
				CURRENT_PROJECT_VERSION = 1;
				DEVELOPMENT_TEAM = FA65S9K7YK;
				GENERATE_INFOPLIST_FILE = YES;
				INFOPLIST_FILE = EVios1/Info.plist;
				INFOPLIST_KEY_UIApplicationSupportsIndirectInputEvents = YES;
				INFOPLIST_KEY_UILaunchStoryboardName = LaunchScreen;
				INFOPLIST_KEY_UIMainStoryboardFile = Main;
				INFOPLIST_KEY_UISupportedInterfaceOrientations_iPad = "UIInterfaceOrientationPortrait UIInterfaceOrientationPortraitUpsideDown UIInterfaceOrientationLandscapeLeft UIInterfaceOrientationLandscapeRight";
				INFOPLIST_KEY_UISupportedInterfaceOrientations_iPhone = "UIInterfaceOrientationPortrait UIInterfaceOrientationLandscapeLeft UIInterfaceOrientationLandscapeRight";
				LD_RUNPATH_SEARCH_PATHS = (
					"$(inherited)",
					"@executable_path/Frameworks",
				);
				MARKETING_VERSION = 1.0;
				PRODUCT_BUNDLE_IDENTIFIER = be.technifutur.EVios1;
				PRODUCT_NAME = "$(TARGET_NAME)";
				SWIFT_EMIT_LOC_STRINGS = YES;
				SWIFT_VERSION = 5.0;
				TARGETED_DEVICE_FAMILY = "1,2";
			};
			name = Debug;
		};
		657A435E2A4EB3E300E6E29F /* Release */ = {
			isa = XCBuildConfiguration;
			buildSettings = {
				ASSETCATALOG_COMPILER_APPICON_NAME = AppIcon;
				ASSETCATALOG_COMPILER_GLOBAL_ACCENT_COLOR_NAME = AccentColor;
				CODE_SIGN_STYLE = Automatic;
				CURRENT_PROJECT_VERSION = 1;
				DEVELOPMENT_TEAM = FA65S9K7YK;
				GENERATE_INFOPLIST_FILE = YES;
				INFOPLIST_FILE = EVios1/Info.plist;
				INFOPLIST_KEY_UIApplicationSupportsIndirectInputEvents = YES;
				INFOPLIST_KEY_UILaunchStoryboardName = LaunchScreen;
				INFOPLIST_KEY_UIMainStoryboardFile = Main;
				INFOPLIST_KEY_UISupportedInterfaceOrientations_iPad = "UIInterfaceOrientationPortrait UIInterfaceOrientationPortraitUpsideDown UIInterfaceOrientationLandscapeLeft UIInterfaceOrientationLandscapeRight";
				INFOPLIST_KEY_UISupportedInterfaceOrientations_iPhone = "UIInterfaceOrientationPortrait UIInterfaceOrientationLandscapeLeft UIInterfaceOrientationLandscapeRight";
				LD_RUNPATH_SEARCH_PATHS = (
					"$(inherited)",
					"@executable_path/Frameworks",
				);
				MARKETING_VERSION = 1.0;
				PRODUCT_BUNDLE_IDENTIFIER = be.technifutur.EVios1;
				PRODUCT_NAME = "$(TARGET_NAME)";
				SWIFT_EMIT_LOC_STRINGS = YES;
				SWIFT_VERSION = 5.0;
				TARGETED_DEVICE_FAMILY = "1,2";
			};
			name = Release;
		};
		657A43602A4EB3E300E6E29F /* Debug */ = {
			isa = XCBuildConfiguration;
			buildSettings = {
				ALWAYS_EMBED_SWIFT_STANDARD_LIBRARIES = YES;
				BUNDLE_LOADER = "$(TEST_HOST)";
				CODE_SIGN_STYLE = Automatic;
				CURRENT_PROJECT_VERSION = 1;
				DEVELOPMENT_TEAM = FA65S9K7YK;
				GENERATE_INFOPLIST_FILE = YES;
				IPHONEOS_DEPLOYMENT_TARGET = 16.4;
				MARKETING_VERSION = 1.0;
				PRODUCT_BUNDLE_IDENTIFIER = be.technifutur.EVios1Tests;
				PRODUCT_NAME = "$(TARGET_NAME)";
				SWIFT_EMIT_LOC_STRINGS = NO;
				SWIFT_VERSION = 5.0;
				TARGETED_DEVICE_FAMILY = "1,2";
				TEST_HOST = "$(BUILT_PRODUCTS_DIR)/EVios1.app/$(BUNDLE_EXECUTABLE_FOLDER_PATH)/EVios1";
			};
			name = Debug;
		};
		657A43612A4EB3E300E6E29F /* Release */ = {
			isa = XCBuildConfiguration;
			buildSettings = {
				ALWAYS_EMBED_SWIFT_STANDARD_LIBRARIES = YES;
				BUNDLE_LOADER = "$(TEST_HOST)";
				CODE_SIGN_STYLE = Automatic;
				CURRENT_PROJECT_VERSION = 1;
				DEVELOPMENT_TEAM = FA65S9K7YK;
				GENERATE_INFOPLIST_FILE = YES;
				IPHONEOS_DEPLOYMENT_TARGET = 16.4;
				MARKETING_VERSION = 1.0;
				PRODUCT_BUNDLE_IDENTIFIER = be.technifutur.EVios1Tests;
				PRODUCT_NAME = "$(TARGET_NAME)";
				SWIFT_EMIT_LOC_STRINGS = NO;
				SWIFT_VERSION = 5.0;
				TARGETED_DEVICE_FAMILY = "1,2";
				TEST_HOST = "$(BUILT_PRODUCTS_DIR)/EVios1.app/$(BUNDLE_EXECUTABLE_FOLDER_PATH)/EVios1";
			};
			name = Release;
		};
		657A43632A4EB3E300E6E29F /* Debug */ = {
			isa = XCBuildConfiguration;
			buildSettings = {
				ALWAYS_EMBED_SWIFT_STANDARD_LIBRARIES = YES;
				CODE_SIGN_STYLE = Automatic;
				CURRENT_PROJECT_VERSION = 1;
				DEVELOPMENT_TEAM = FA65S9K7YK;
				GENERATE_INFOPLIST_FILE = YES;
				MARKETING_VERSION = 1.0;
				PRODUCT_BUNDLE_IDENTIFIER = be.technifutur.EVios1UITests;
				PRODUCT_NAME = "$(TARGET_NAME)";
				SWIFT_EMIT_LOC_STRINGS = NO;
				SWIFT_VERSION = 5.0;
				TARGETED_DEVICE_FAMILY = "1,2";
				TEST_TARGET_NAME = EVios1;
			};
			name = Debug;
		};
		657A43642A4EB3E300E6E29F /* Release */ = {
			isa = XCBuildConfiguration;
			buildSettings = {
				ALWAYS_EMBED_SWIFT_STANDARD_LIBRARIES = YES;
				CODE_SIGN_STYLE = Automatic;
				CURRENT_PROJECT_VERSION = 1;
				DEVELOPMENT_TEAM = FA65S9K7YK;
				GENERATE_INFOPLIST_FILE = YES;
				MARKETING_VERSION = 1.0;
				PRODUCT_BUNDLE_IDENTIFIER = be.technifutur.EVios1UITests;
				PRODUCT_NAME = "$(TARGET_NAME)";
				SWIFT_EMIT_LOC_STRINGS = NO;
				SWIFT_VERSION = 5.0;
				TARGETED_DEVICE_FAMILY = "1,2";
				TEST_TARGET_NAME = EVios1;
			};
			name = Release;
		};
/* End XCBuildConfiguration section */

/* Begin XCConfigurationList section */
		657A432D2A4EB3E200E6E29F /* Build configuration list for PBXProject "EVios1" */ = {
			isa = XCConfigurationList;
			buildConfigurations = (
				657A435A2A4EB3E300E6E29F /* Debug */,
				657A435B2A4EB3E300E6E29F /* Release */,
			);
			defaultConfigurationIsVisible = 0;
			defaultConfigurationName = Release;
		};
		657A435C2A4EB3E300E6E29F /* Build configuration list for PBXNativeTarget "EVios1" */ = {
			isa = XCConfigurationList;
			buildConfigurations = (
				657A435D2A4EB3E300E6E29F /* Debug */,
				657A435E2A4EB3E300E6E29F /* Release */,
			);
			defaultConfigurationIsVisible = 0;
			defaultConfigurationName = Release;
		};
		657A435F2A4EB3E300E6E29F /* Build configuration list for PBXNativeTarget "EVios1Tests" */ = {
			isa = XCConfigurationList;
			buildConfigurations = (
				657A43602A4EB3E300E6E29F /* Debug */,
				657A43612A4EB3E300E6E29F /* Release */,
			);
			defaultConfigurationIsVisible = 0;
			defaultConfigurationName = Release;
		};
		657A43622A4EB3E300E6E29F /* Build configuration list for PBXNativeTarget "EVios1UITests" */ = {
			isa = XCConfigurationList;
			buildConfigurations = (
				657A43632A4EB3E300E6E29F /* Debug */,
				657A43642A4EB3E300E6E29F /* Release */,
			);
			defaultConfigurationIsVisible = 0;
			defaultConfigurationName = Release;
		};
/* End XCConfigurationList section */
	};
	rootObject = 657A432A2A4EB3E200E6E29F /* Project object */;
}
